
Microsoft Visual Studio Solution File, Format Version 12.00
# Visual Studio 14
VisualStudioVersion = 14.0.25123.0
MinimumVisualStudioVersion = 10.0.40219.1
Project("{FAE04EC0-301F-11D3-BF4B-00C04F79EFBC}") = "Linear Foot Calculator", "Linear Foot Calculator\Linear Foot Calculator.csproj", "{955F1C35-6D4B-4BE1-AD2D-580F0EE70772}"
EndProject
Project("{2150E333-8FDC-42A3-9474-1A3956D46DE8}") = "Solution Items", "Solution Items", "{67D27643-EE68-4B7D-8CA8-7775196B57C3}"
EndProject
Global
	GlobalSection(SolutionConfigurationPlatforms) = preSolution
		Debug|Any CPU = Debug|Any CPU
		Release|Any CPU = Release|Any CPU
	EndGlobalSection
	GlobalSection(ProjectConfigurationPlatforms) = postSolution
		{955F1C35-6D4B-4BE1-AD2D-580F0EE70772}.Debug|Any CPU.ActiveCfg = Debug|Any CPU
		{955F1C35-6D4B-4BE1-AD2D-580F0EE70772}.Debug|Any CPU.Build.0 = Debug|Any CPU
		{955F1C35-6D4B-4BE1-AD2D-580F0EE70772}.Release|Any CPU.ActiveCfg = Release|Any CPU
		{955F1C35-6D4B-4BE1-AD2D-580F0EE70772}.Release|Any CPU.Build.0 = Release|Any CPU
	EndGlobalSection
	GlobalSection(SolutionProperties) = preSolution
		HideSolutionNode = FALSE
	EndGlobalSection
EndGlobal
